
Microsoft Visual Studio Solution File, Format Version 12.00
# Visual Studio Version 17
VisualStudioVersion = 17.7.34031.279
MinimumVisualStudioVersion = 10.0.40219.1
Project("{FAE04EC0-301F-11D3-BF4B-00C04F79EFBC}") = "T02b_exercicio2", "T02b_exercicio2.csproj", "{04C59576-1635-4FA5-90FF-3457DC0A2EF9}"
EndProject
Global
	GlobalSection(SolutionConfigurationPlatforms) = preSolution
		Debug|Any CPU = Debug|Any CPU
		Release|Any CPU = Release|Any CPU
	EndGlobalSection
	GlobalSection(ProjectConfigurationPlatforms) = postSolution
		{04C59576-1635-4FA5-90FF-3457DC0A2EF9}.Debug|Any CPU.ActiveCfg = Debug|Any CPU
		{04C59576-1635-4FA5-90FF-3457DC0A2EF9}.Debug|Any CPU.Build.0 = Debug|Any CPU
		{04C59576-1635-4FA5-90FF-3457DC0A2EF9}.Release|Any CPU.ActiveCfg = Release|Any CPU
		{04C59576-1635-4FA5-90FF-3457DC0A2EF9}.Release|Any CPU.Build.0 = Release|Any CPU
	EndGlobalSection
	GlobalSection(SolutionProperties) = preSolution
		HideSolutionNode = FALSE
	EndGlobalSection
	GlobalSection(ExtensibilityGlobals) = postSolution
		SolutionGuid = {7E4BEAE7-0560-4EB6-94BE-DE9AC6146E87}
	EndGlobalSection
EndGlobal
